
Microsoft Visual Studio Solution File, Format Version 12.00
# Visual Studio 15
VisualStudioVersion = 15.0.28307.1259
MinimumVisualStudioVersion = 10.0.40219.1
Project("{FAE04EC0-301F-11D3-BF4B-00C04F79EFBC}") = "BlogManageentSystem", "BlogManageentSystem\BlogManageentSystem.csproj", "{F3CFAACB-6E06-4C90-96F6-CC28AFA564E8}"
EndProject
Project("{FAE04EC0-301F-11D3-BF4B-00C04F79EFBC}") = "BlogClient", "BlogClient\BlogClient.csproj", "{6D748E43-AE3D-4DD5-9E46-F741A2B93965}"
EndProject
Global
	GlobalSection(SolutionConfigurationPlatforms) = preSolution
		Debug|Any CPU = Debug|Any CPU
		Release|Any CPU = Release|Any CPU
	EndGlobalSection
	GlobalSection(ProjectConfigurationPlatforms) = postSolution
		{F3CFAACB-6E06-4C90-96F6-CC28AFA564E8}.Debug|Any CPU.ActiveCfg = Debug|Any CPU
		{F3CFAACB-6E06-4C90-96F6-CC28AFA564E8}.Debug|Any CPU.Build.0 = Debug|Any CPU
		{F3CFAACB-6E06-4C90-96F6-CC28AFA564E8}.Release|Any CPU.ActiveCfg = Release|Any CPU
		{F3CFAACB-6E06-4C90-96F6-CC28AFA564E8}.Release|Any CPU.Build.0 = Release|Any CPU
		{6D748E43-AE3D-4DD5-9E46-F741A2B93965}.Debug|Any CPU.ActiveCfg = Debug|Any CPU
		{6D748E43-AE3D-4DD5-9E46-F741A2B93965}.Debug|Any CPU.Build.0 = Debug|Any CPU
		{6D748E43-AE3D-4DD5-9E46-F741A2B93965}.Release|Any CPU.ActiveCfg = Release|Any CPU
		{6D748E43-AE3D-4DD5-9E46-F741A2B93965}.Release|Any CPU.Build.0 = Release|Any CPU
	EndGlobalSection
	GlobalSection(SolutionProperties) = preSolution
		HideSolutionNode = FALSE
	EndGlobalSection
	GlobalSection(ExtensibilityGlobals) = postSolution
		SolutionGuid = {0E5AB1BB-8268-4F5F-97CF-A58C59F9DD32}
	EndGlobalSection
EndGlobal
